
Microsoft Visual Studio Solution File, Format Version 12.00
# Visual Studio Version 17
VisualStudioVersion = 17.2.32616.157
MinimumVisualStudioVersion = 10.0.40219.1
Project("{FAE04EC0-301F-11D3-BF4B-00C04F79EFBC}") = "EvalFunction", "EvalFunction\EvalFunction.csproj", "{8B5E0419-EBE8-4211-99C5-CEC06DDE25BB}"
EndProject
Global
	GlobalSection(SolutionConfigurationPlatforms) = preSolution
		Debug|Any CPU = Debug|Any CPU
		Release|Any CPU = Release|Any CPU
	EndGlobalSection
	GlobalSection(ProjectConfigurationPlatforms) = postSolution
		{8B5E0419-EBE8-4211-99C5-CEC06DDE25BB}.Debug|Any CPU.ActiveCfg = Debug|Any CPU
		{8B5E0419-EBE8-4211-99C5-CEC06DDE25BB}.Debug|Any CPU.Build.0 = Debug|Any CPU
		{8B5E0419-EBE8-4211-99C5-CEC06DDE25BB}.Release|Any CPU.ActiveCfg = Release|Any CPU
		{8B5E0419-EBE8-4211-99C5-CEC06DDE25BB}.Release|Any CPU.Build.0 = Release|Any CPU
	EndGlobalSection
	GlobalSection(SolutionProperties) = preSolution
		HideSolutionNode = FALSE
	EndGlobalSection
	GlobalSection(ExtensibilityGlobals) = postSolution
		SolutionGuid = {00341A74-FC8A-4254-825B-3EFEEB553B92}
	EndGlobalSection
EndGlobal
